{
  "version": 4,
  "terraform_version": "1.1.2",
  "serial": 180,
  "lineage": "e2ca5100-ae53-d93f-28da-17597cbb82ab",
  "outputs": {},
  "resources": [
    {
      "mode": "managed",
      "type": "aws_autoscaling_attachment",
      "name": "movebase-autoscaling-group-attachment",
      "provider": "provider[\"registry.terraform.io/hashicorp/aws\"]",
      "instances": [
        {
          "schema_version": 0,
          "attributes": {
            "alb_target_group_arn": "arn:aws:elasticloadbalancing:eu-central-1:219232999684:targetgroup/movebase-lb-target-group/2a20cfa882da0144",
            "autoscaling_group_name": "movebase-autoscaling-group",
            "elb": null,
            "id": "movebase-autoscaling-group-20220115144425444700000002"
          },
          "sensitive_attributes": [],
          "private": "bnVsbA==",
          "dependencies": [
            "aws_autoscaling_group.movebase-autoscaling-group",
            "aws_key_pair.movebase-key-pair",
            "aws_launch_configuration.movebase-launchconfig",
            "aws_lb_target_group.movebase-lb-target-group",
            "aws_security_group.movebase-allow-ssh-and-all-egress",
            "aws_subnet.movebase-subnet-public-1",
            "aws_subnet.movebase-subnet-public-2",
            "aws_vpc.movebase-vpc"
          ]
        }
      ]
    },
    {
      "mode": "managed",
      "type": "aws_autoscaling_group",
      "name": "movebase-autoscaling-group",
      "provider": "provider[\"registry.terraform.io/hashicorp/aws\"]",
      "instances": [
        {
          "schema_version": 0,
          "attributes": {
            "arn": "arn:aws:autoscaling:eu-central-1:219232999684:autoScalingGroup:afef8a0b-2983-4938-ab40-1fc9279d1a26:autoScalingGroupName/movebase-autoscaling-group",
            "availability_zones": [
              "eu-central-1a",
              "eu-central-1b"
            ],
            "capacity_rebalance": false,
            "default_cooldown": 300,
            "desired_capacity": 1,
            "enabled_metrics": null,
            "force_delete": true,
            "force_delete_warm_pool": false,
            "health_check_grace_period": 300,
            "health_check_type": "EC2",
            "id": "movebase-autoscaling-group",
            "initial_lifecycle_hook": [],
            "instance_refresh": [],
            "launch_configuration": "movebase-launchconfig20220115144337860300000001",
            "launch_template": [],
            "load_balancers": null,
            "max_instance_lifetime": 0,
            "max_size": 2,
            "metrics_granularity": "1Minute",
            "min_elb_capacity": null,
            "min_size": 1,
            "mixed_instances_policy": [],
            "name": "movebase-autoscaling-group",
            "name_prefix": "",
            "placement_group": "",
            "protect_from_scale_in": false,
            "service_linked_role_arn": "arn:aws:iam::219232999684:role/aws-service-role/autoscaling.amazonaws.com/AWSServiceRoleForAutoScaling",
            "suspended_processes": null,
            "tag": [
              {
                "key": "Name",
                "propagate_at_launch": true,
                "value": "movebase-ec2-instance"
              }
            ],
            "tags": null,
            "target_group_arns": null,
            "termination_policies": null,
            "timeouts": null,
            "vpc_zone_identifier": [
              "subnet-009b7612ee608abaf",
              "subnet-03ee806355ab86341"
            ],
            "wait_for_capacity_timeout": "10m",
            "wait_for_elb_capacity": null,
            "warm_pool": []
          },
          "sensitive_attributes": [],
          "private": "eyJlMmJmYjczMC1lY2FhLTExZTYtOGY4OC0zNDM2M2JjN2M0YzAiOnsiZGVsZXRlIjo2MDAwMDAwMDAwMDB9fQ==",
          "dependencies": [
            "aws_key_pair.movebase-key-pair",
            "aws_launch_configuration.movebase-launchconfig",
            "aws_security_group.movebase-allow-ssh-and-all-egress",
            "aws_subnet.movebase-subnet-public-1",
            "aws_subnet.movebase-subnet-public-2",
            "aws_vpc.movebase-vpc"
          ]
        }
      ]
    },
    {
      "mode": "managed",
      "type": "aws_autoscaling_notification",
      "name": "example-notify",
      "provider": "provider[\"registry.terraform.io/hashicorp/aws\"]",
      "instances": [
        {
          "schema_version": 0,
          "attributes": {
            "group_names": [
              "movebase-autoscaling-group"
            ],
            "id": "arn:aws:sns:eu-central-1:219232999684:movebase-sns-topic",
            "notifications": [
              "autoscaling:EC2_INSTANCE_LAUNCH",
              "autoscaling:EC2_INSTANCE_LAUNCH_ERROR",
              "autoscaling:EC2_INSTANCE_TERMINATE"
            ],
            "topic_arn": "arn:aws:sns:eu-central-1:219232999684:movebase-sns-topic"
          },
          "sensitive_attributes": [],
          "private": "bnVsbA==",
          "dependencies": [
            "aws_autoscaling_group.movebase-autoscaling-group",
            "aws_key_pair.movebase-key-pair",
            "aws_launch_configuration.movebase-launchconfig",
            "aws_security_group.movebase-allow-ssh-and-all-egress",
            "aws_sns_topic.movebase-sns-topic",
            "aws_subnet.movebase-subnet-public-1",
            "aws_subnet.movebase-subnet-public-2",
            "aws_vpc.movebase-vpc"
          ]
        }
      ]
    },
    {
      "mode": "managed",
      "type": "aws_autoscaling_policy",
      "name": "movebase-autoscaling-policy-cpu",
      "provider": "provider[\"registry.terraform.io/hashicorp/aws\"]",
      "instances": [
        {
          "schema_version": 0,
          "attributes": {
            "adjustment_type": "ChangeInCapacity",
            "arn": "arn:aws:autoscaling:eu-central-1:219232999684:scalingPolicy:71b3b4a7-5b4b-4bf6-8674-f9917483ca42:autoScalingGroupName/movebase-autoscaling-group:policyName/movebase-autoscaling-policy-cpu",
            "autoscaling_group_name": "movebase-autoscaling-group",
            "cooldown": 300,
            "estimated_instance_warmup": 0,
            "id": "movebase-autoscaling-policy-cpu",
            "metric_aggregation_type": "",
            "min_adjustment_magnitude": null,
            "name": "movebase-autoscaling-policy-cpu",
            "policy_type": "SimpleScaling",
            "predictive_scaling_configuration": [],
            "scaling_adjustment": 1,
            "step_adjustment": [],
            "target_tracking_configuration": []
          },
          "sensitive_attributes": [],
          "private": "bnVsbA==",
          "dependencies": [
            "aws_autoscaling_group.movebase-autoscaling-group",
            "aws_key_pair.movebase-key-pair",
            "aws_launch_configuration.movebase-launchconfig",
            "aws_security_group.movebase-allow-ssh-and-all-egress",
            "aws_subnet.movebase-subnet-public-1",
            "aws_subnet.movebase-subnet-public-2",
            "aws_vpc.movebase-vpc"
          ]
        }
      ]
    },
    {
      "mode": "managed",
      "type": "aws_autoscaling_policy",
      "name": "movebase-autoscaling-policy-cpu-scaledown",
      "provider": "provider[\"registry.terraform.io/hashicorp/aws\"]",
      "instances": [
        {
          "schema_version": 0,
          "attributes": {
            "adjustment_type": "ChangeInCapacity",
            "arn": "arn:aws:autoscaling:eu-central-1:219232999684:scalingPolicy:0029cb6b-902e-4842-964b-021f9d5e99b9:autoScalingGroupName/movebase-autoscaling-group:policyName/movebase-autoscaling-policy-cpu-scaledown",
            "autoscaling_group_name": "movebase-autoscaling-group",
            "cooldown": 300,
            "estimated_instance_warmup": 0,
            "id": "movebase-autoscaling-policy-cpu-scaledown",
            "metric_aggregation_type": "",
            "min_adjustment_magnitude": null,
            "name": "movebase-autoscaling-policy-cpu-scaledown",
            "policy_type": "SimpleScaling",
            "predictive_scaling_configuration": [],
            "scaling_adjustment": -1,
            "step_adjustment": [],
            "target_tracking_configuration": []
          },
          "sensitive_attributes": [],
          "private": "bnVsbA==",
          "dependencies": [
            "aws_autoscaling_group.movebase-autoscaling-group",
            "aws_key_pair.movebase-key-pair",
            "aws_launch_configuration.movebase-launchconfig",
            "aws_security_group.movebase-allow-ssh-and-all-egress",
            "aws_subnet.movebase-subnet-public-1",
            "aws_subnet.movebase-subnet-public-2",
            "aws_vpc.movebase-vpc"
          ]
        }
      ]
    },
    {
      "mode": "managed",
      "type": "aws_cloudwatch_metric_alarm",
      "name": "movebase-cloudwatch-metric-alarm-cpu",
      "provider": "provider[\"registry.terraform.io/hashicorp/aws\"]",
      "instances": [
        {
          "schema_version": 1,
          "attributes": {
            "actions_enabled": true,
            "alarm_actions": [
              "arn:aws:autoscaling:eu-central-1:219232999684:scalingPolicy:71b3b4a7-5b4b-4bf6-8674-f9917483ca42:autoScalingGroupName/movebase-autoscaling-group:policyName/movebase-autoscaling-policy-cpu"
            ],
            "alarm_description": "movebase-cloudwatch-metric-alarm-cpu",
            "alarm_name": "movebase-cloudwatch-metric-alarm-cpu",
            "arn": "arn:aws:cloudwatch:eu-central-1:219232999684:alarm:movebase-cloudwatch-metric-alarm-cpu",
            "comparison_operator": "GreaterThanOrEqualToThreshold",
            "datapoints_to_alarm": 0,
            "dimensions": {
              "AutoScalingGroupName": "movebase-autoscaling-group"
            },
            "evaluate_low_sample_count_percentiles": "",
            "evaluation_periods": 2,
            "extended_statistic": "",
            "id": "movebase-cloudwatch-metric-alarm-cpu",
            "insufficient_data_actions": null,
            "metric_name": "CPUUtilization",
            "metric_query": [],
            "namespace": "AWS/EC2",
            "ok_actions": null,
            "period": 120,
            "statistic": "Average",
            "tags": null,
            "tags_all": {},
            "threshold": 30,
            "threshold_metric_id": "",
            "treat_missing_data": "missing",
            "unit": ""
          },
          "sensitive_attributes": [],
          "private": "eyJzY2hlbWFfdmVyc2lvbiI6IjEifQ==",
          "dependencies": [
            "aws_autoscaling_group.movebase-autoscaling-group",
            "aws_autoscaling_policy.movebase-autoscaling-policy-cpu",
            "aws_key_pair.movebase-key-pair",
            "aws_launch_configuration.movebase-launchconfig",
            "aws_security_group.movebase-allow-ssh-and-all-egress",
            "aws_subnet.movebase-subnet-public-1",
            "aws_subnet.movebase-subnet-public-2",
            "aws_vpc.movebase-vpc"
          ]
        }
      ]
    },
    {
      "mode": "managed",
      "type": "aws_cloudwatch_metric_alarm",
      "name": "movebase-cloudwatch-metric-alarm-cpu-scaledown",
      "provider": "provider[\"registry.terraform.io/hashicorp/aws\"]",
      "instances": [
        {
          "schema_version": 1,
          "attributes": {
            "actions_enabled": true,
            "alarm_actions": [
              "arn:aws:autoscaling:eu-central-1:219232999684:scalingPolicy:0029cb6b-902e-4842-964b-021f9d5e99b9:autoScalingGroupName/movebase-autoscaling-group:policyName/movebase-autoscaling-policy-cpu-scaledown"
            ],
            "alarm_description": "movebase-cloudwatch-metric-alarm-cpu-scaledown",
            "alarm_name": "movebase-cloudwatch-metric-alarm-cpu-scaledown",
            "arn": "arn:aws:cloudwatch:eu-central-1:219232999684:alarm:movebase-cloudwatch-metric-alarm-cpu-scaledown",
            "comparison_operator": "LessThanOrEqualToThreshold",
            "datapoints_to_alarm": 0,
            "dimensions": {
              "AutoScalingGroupName": "movebase-autoscaling-group"
            },
            "evaluate_low_sample_count_percentiles": "",
            "evaluation_periods": 2,
            "extended_statistic": "",
            "id": "movebase-cloudwatch-metric-alarm-cpu-scaledown",
            "insufficient_data_actions": null,
            "metric_name": "CPUUtilization",
            "metric_query": [],
            "namespace": "AWS/EC2",
            "ok_actions": null,
            "period": 120,
            "statistic": "Average",
            "tags": null,
            "tags_all": {},
            "threshold": 5,
            "threshold_metric_id": "",
            "treat_missing_data": "missing",
            "unit": ""
          },
          "sensitive_attributes": [],
          "private": "eyJzY2hlbWFfdmVyc2lvbiI6IjEifQ==",
          "dependencies": [
            "aws_autoscaling_group.movebase-autoscaling-group",
            "aws_autoscaling_policy.movebase-autoscaling-policy-cpu-scaledown",
            "aws_key_pair.movebase-key-pair",
            "aws_launch_configuration.movebase-launchconfig",
            "aws_security_group.movebase-allow-ssh-and-all-egress",
            "aws_subnet.movebase-subnet-public-1",
            "aws_subnet.movebase-subnet-public-2",
            "aws_vpc.movebase-vpc"
          ]
        }
      ]
    },
    {
      "mode": "managed",
      "type": "aws_internet_gateway",
      "name": "movebase-igw",
      "provider": "provider[\"registry.terraform.io/hashicorp/aws\"]",
      "instances": [
        {
          "schema_version": 0,
          "attributes": {
            "arn": "arn:aws:ec2:eu-central-1:219232999684:internet-gateway/igw-0f712992a1776e982",
            "id": "igw-0f712992a1776e982",
            "owner_id": "219232999684",
            "tags": {
              "Name": "movebase-igw"
            },
            "tags_all": {
              "Name": "movebase-igw"
            },
            "vpc_id": "vpc-08568369cfed02d6d"
          },
          "sensitive_attributes": [],
          "private": "bnVsbA==",
          "dependencies": [
            "aws_vpc.movebase-vpc"
          ]
        }
      ]
    },
    {
      "mode": "managed",
      "type": "aws_key_pair",
      "name": "movebase-key-pair",
      "provider": "provider[\"registry.terraform.io/hashicorp/aws\"]",
      "instances": [
        {
          "schema_version": 1,
          "attributes": {
            "arn": "arn:aws:ec2:eu-central-1:219232999684:key-pair/movebase-key-pair",
            "fingerprint": "06:4d:0b:8c:6b:d9:c1:d8:20:50:f6:9a:a8:7c:5a:4a",
            "id": "movebase-key-pair",
            "key_name": "movebase-key-pair",
            "key_name_prefix": "",
            "key_pair_id": "key-0f4e88f565f5f04c3",
            "public_key": "ssh-rsa AAAAB3NzaC1yc2EAAAADAQABAAABgQDmfG6+lxIU0Rw6PMNJIa3eN/MQngYNYeKG33pjtTNSeSvjYN4OrSpLOh4Eki6gBtNoFjerGGzcPINuPn/nRWBQy40dfxih1/1+CJAAom6Ejhfg144MYahRL3pur6pDAl6TNsJowyi0FBPuGo7DveayRzcOaqbYHpD0zPnTVTzbfJERGsPwAcpfXh3D+WcMOC9bJut9QW4yOLKOhuhxvjlXb7vuG/lYfE2U/9uBdLifstaSY6mAyFIkBsuktYA065YTdHW/5vmMAlbJpAC72TUdAO4BYn9pG1Yq+VAD2LNRFvLLdeu/iNx9Mun7lZZhdFzypcKwZk5FErDx6UBIKoeglj6cXDFLGHxdH7pc85BRbrGN1PGkbpRgz5uBFvTHWXdr925Cb5w8kKmYtumHWR8ckU8Hh39Cbok3yiRzv9fJPcxQHhXL0o+rudYafZ8NqoipTmClmge3pkTRE+NyjOiq0Zb9nf+rbZgj3psy3uaFf8kKbV4t3nhWbXW4ffouTwE= orlovic@main",
            "tags": null,
            "tags_all": {}
          },
          "sensitive_attributes": [],
          "private": "eyJzY2hlbWFfdmVyc2lvbiI6IjEifQ=="
        }
      ]
    },
    {
      "mode": "managed",
      "type": "aws_launch_configuration",
      "name": "movebase-launchconfig",
      "provider": "provider[\"registry.terraform.io/hashicorp/aws\"]",
      "instances": [
        {
          "schema_version": 0,
          "attributes": {
            "arn": "arn:aws:autoscaling:eu-central-1:219232999684:launchConfiguration:87e88f8c-9276-4d7f-a348-cd071881567e:launchConfigurationName/movebase-launchconfig20220115144337860300000001",
            "associate_public_ip_address": false,
            "ebs_block_device": [],
            "ebs_optimized": false,
            "enable_monitoring": true,
            "ephemeral_block_device": [],
            "iam_instance_profile": "",
            "id": "movebase-launchconfig20220115144337860300000001",
            "image_id": "ami-009fefb5b9dd6ce4f",
            "instance_type": "t2.micro",
            "key_name": "movebase-key-pair",
            "metadata_options": [],
            "name": "movebase-launchconfig20220115144337860300000001",
            "name_prefix": "movebase-launchconfig",
            "placement_tenancy": null,
            "root_block_device": [],
            "security_groups": [
              "sg-066523ecf54bfdd33"
            ],
            "spot_price": "",
            "user_data": null,
            "user_data_base64": null,
            "vpc_classic_link_id": "",
            "vpc_classic_link_security_groups": null
          },
          "sensitive_attributes": [],
          "private": "bnVsbA==",
          "dependencies": [
            "aws_key_pair.movebase-key-pair",
            "aws_security_group.movebase-allow-ssh-and-all-egress",
            "aws_vpc.movebase-vpc"
          ]
        }
      ]
    },
    {
      "mode": "managed",
      "type": "aws_lb",
      "name": "movebase-lb",
      "provider": "provider[\"registry.terraform.io/hashicorp/aws\"]",
      "instances": [
        {
          "schema_version": 0,
          "attributes": {
            "access_logs": [
              {
                "bucket": "",
                "enabled": false,
                "prefix": ""
              }
            ],
            "arn": "arn:aws:elasticloadbalancing:eu-central-1:219232999684:loadbalancer/app/movebase-lb/d3465e89cab9a192",
            "arn_suffix": "app/movebase-lb/d3465e89cab9a192",
            "customer_owned_ipv4_pool": "",
            "desync_mitigation_mode": "defensive",
            "dns_name": "movebase-lb-2079820937.eu-central-1.elb.amazonaws.com",
            "drop_invalid_header_fields": false,
            "enable_cross_zone_load_balancing": null,
            "enable_deletion_protection": false,
            "enable_http2": true,
            "enable_waf_fail_open": false,
            "id": "arn:aws:elasticloadbalancing:eu-central-1:219232999684:loadbalancer/app/movebase-lb/d3465e89cab9a192",
            "idle_timeout": 60,
            "internal": false,
            "ip_address_type": "ipv4",
            "load_balancer_type": "application",
            "name": "movebase-lb",
            "name_prefix": null,
            "security_groups": [
              "sg-066523ecf54bfdd33",
              "sg-08d4dd637e24873b3"
            ],
            "subnet_mapping": [
              {
                "allocation_id": "",
                "ipv6_address": "",
                "outpost_id": "",
                "private_ipv4_address": "",
                "subnet_id": "subnet-009b7612ee608abaf"
              },
              {
                "allocation_id": "",
                "ipv6_address": "",
                "outpost_id": "",
                "private_ipv4_address": "",
                "subnet_id": "subnet-03ee806355ab86341"
              }
            ],
            "subnets": [
              "subnet-009b7612ee608abaf",
              "subnet-03ee806355ab86341"
            ],
            "tags": {
              "Name": "movebase-lb"
            },
            "tags_all": {
              "Name": "movebase-lb"
            },
            "timeouts": null,
            "vpc_id": "vpc-08568369cfed02d6d",
            "zone_id": "Z215JYRZR1TBD5"
          },
          "sensitive_attributes": [],
          "private": "eyJlMmJmYjczMC1lY2FhLTExZTYtOGY4OC0zNDM2M2JjN2M0YzAiOnsiY3JlYXRlIjo2MDAwMDAwMDAwMDAsImRlbGV0ZSI6NjAwMDAwMDAwMDAwLCJ1cGRhdGUiOjYwMDAwMDAwMDAwMH19",
          "dependencies": [
            "aws_security_group.movebase-allow-80",
            "aws_security_group.movebase-allow-ssh-and-all-egress",
            "aws_subnet.movebase-subnet-public-1",
            "aws_subnet.movebase-subnet-public-2",
            "aws_vpc.movebase-vpc"
          ]
        }
      ]
    },
    {
      "mode": "managed",
      "type": "aws_lb_listener",
      "name": "movebase-lb-listener-80",
      "provider": "provider[\"registry.terraform.io/hashicorp/aws\"]",
      "instances": [
        {
          "schema_version": 0,
          "attributes": {
            "alpn_policy": null,
            "arn": "arn:aws:elasticloadbalancing:eu-central-1:219232999684:listener/app/movebase-lb/d3465e89cab9a192/9c322c42cb79075d",
            "certificate_arn": null,
            "default_action": [
              {
                "authenticate_cognito": [],
                "authenticate_oidc": [],
                "fixed_response": [],
                "forward": [],
                "order": 1,
                "redirect": [],
                "target_group_arn": "arn:aws:elasticloadbalancing:eu-central-1:219232999684:targetgroup/movebase-lb-target-group/2a20cfa882da0144",
                "type": "forward"
              }
            ],
            "id": "arn:aws:elasticloadbalancing:eu-central-1:219232999684:listener/app/movebase-lb/d3465e89cab9a192/9c322c42cb79075d",
            "load_balancer_arn": "arn:aws:elasticloadbalancing:eu-central-1:219232999684:loadbalancer/app/movebase-lb/d3465e89cab9a192",
            "port": 80,
            "protocol": "HTTP",
            "ssl_policy": "",
            "tags": null,
            "tags_all": {},
            "timeouts": null
          },
          "sensitive_attributes": [],
          "private": "eyJlMmJmYjczMC1lY2FhLTExZTYtOGY4OC0zNDM2M2JjN2M0YzAiOnsicmVhZCI6NjAwMDAwMDAwMDAwfX0=",
          "dependencies": [
            "aws_lb.movebase-lb",
            "aws_lb_target_group.movebase-lb-target-group",
            "aws_security_group.movebase-allow-80",
            "aws_security_group.movebase-allow-ssh-and-all-egress",
            "aws_subnet.movebase-subnet-public-1",
            "aws_subnet.movebase-subnet-public-2",
            "aws_vpc.movebase-vpc"
          ]
        }
      ]
    },
    {
      "mode": "managed",
      "type": "aws_lb_target_group",
      "name": "movebase-lb-target-group",
      "provider": "provider[\"registry.terraform.io/hashicorp/aws\"]",
      "instances": [
        {
          "schema_version": 0,
          "attributes": {
            "arn": "arn:aws:elasticloadbalancing:eu-central-1:219232999684:targetgroup/movebase-lb-target-group/2a20cfa882da0144",
            "arn_suffix": "targetgroup/movebase-lb-target-group/2a20cfa882da0144",
            "connection_termination": false,
            "deregistration_delay": "300",
            "health_check": [
              {
                "enabled": true,
                "healthy_threshold": 2,
                "interval": 30,
                "matcher": "200",
                "path": "/",
                "port": "traffic-port",
                "protocol": "HTTP",
                "timeout": 3,
                "unhealthy_threshold": 2
              }
            ],
            "id": "arn:aws:elasticloadbalancing:eu-central-1:219232999684:targetgroup/movebase-lb-target-group/2a20cfa882da0144",
            "lambda_multi_value_headers_enabled": false,
            "load_balancing_algorithm_type": "round_robin",
            "name": "movebase-lb-target-group",
            "name_prefix": null,
            "port": 80,
            "preserve_client_ip": null,
            "protocol": "HTTP",
            "protocol_version": "HTTP1",
            "proxy_protocol_v2": false,
            "slow_start": 0,
            "stickiness": [
              {
                "cookie_duration": 86400,
                "cookie_name": "",
                "enabled": false,
                "type": "lb_cookie"
              }
            ],
            "tags": {
              "Name": "movebase-lb-target-group"
            },
            "tags_all": {
              "Name": "movebase-lb-target-group"
            },
            "target_type": "instance",
            "vpc_id": "vpc-08568369cfed02d6d"
          },
          "sensitive_attributes": [],
          "private": "bnVsbA==",
          "dependencies": [
            "aws_vpc.movebase-vpc"
          ]
        }
      ]
    },
    {
      "mode": "managed",
      "type": "aws_route_table",
      "name": "movebase-route-table-public-1",
      "provider": "provider[\"registry.terraform.io/hashicorp/aws\"]",
      "instances": [
        {
          "schema_version": 0,
          "attributes": {
            "arn": "arn:aws:ec2:eu-central-1:219232999684:route-table/rtb-044284c17502608b7",
            "id": "rtb-044284c17502608b7",
            "owner_id": "219232999684",
            "propagating_vgws": [],
            "route": [
              {
                "carrier_gateway_id": "",
                "cidr_block": "0.0.0.0/0",
                "destination_prefix_list_id": "",
                "egress_only_gateway_id": "",
                "gateway_id": "igw-0f712992a1776e982",
                "instance_id": "",
                "ipv6_cidr_block": "",
                "local_gateway_id": "",
                "nat_gateway_id": "",
                "network_interface_id": "",
                "transit_gateway_id": "",
                "vpc_endpoint_id": "",
                "vpc_peering_connection_id": ""
              }
            ],
            "tags": {
              "Name": "movebase-route-table-public-1"
            },
            "tags_all": {
              "Name": "movebase-route-table-public-1"
            },
            "timeouts": null,
            "vpc_id": "vpc-08568369cfed02d6d"
          },
          "sensitive_attributes": [],
          "private": "eyJlMmJmYjczMC1lY2FhLTExZTYtOGY4OC0zNDM2M2JjN2M0YzAiOnsiY3JlYXRlIjozMDAwMDAwMDAwMDAsImRlbGV0ZSI6MzAwMDAwMDAwMDAwLCJ1cGRhdGUiOjEyMDAwMDAwMDAwMH19",
          "dependencies": [
            "aws_internet_gateway.movebase-igw",
            "aws_vpc.movebase-vpc"
          ]
        }
      ]
    },
    {
      "mode": "managed",
      "type": "aws_route_table_association",
      "name": "main-public-1-a",
      "provider": "provider[\"registry.terraform.io/hashicorp/aws\"]",
      "instances": [
        {
          "schema_version": 0,
          "attributes": {
            "gateway_id": "",
            "id": "rtbassoc-0c5a5ccd6d6efe80b",
            "route_table_id": "rtb-044284c17502608b7",
            "subnet_id": "subnet-03ee806355ab86341"
          },
          "sensitive_attributes": [],
          "private": "bnVsbA==",
          "dependencies": [
            "aws_internet_gateway.movebase-igw",
            "aws_route_table.movebase-route-table-public-1",
            "aws_subnet.movebase-subnet-public-1",
            "aws_vpc.movebase-vpc"
          ]
        }
      ]
    },
    {
      "mode": "managed",
      "type": "aws_route_table_association",
      "name": "main-public-2-a",
      "provider": "provider[\"registry.terraform.io/hashicorp/aws\"]",
      "instances": [
        {
          "schema_version": 0,
          "attributes": {
            "gateway_id": "",
            "id": "rtbassoc-0564bb1fdb5a2caa5",
            "route_table_id": "rtb-044284c17502608b7",
            "subnet_id": "subnet-009b7612ee608abaf"
          },
          "sensitive_attributes": [],
          "private": "bnVsbA==",
          "dependencies": [
            "aws_internet_gateway.movebase-igw",
            "aws_route_table.movebase-route-table-public-1",
            "aws_subnet.movebase-subnet-public-2",
            "aws_vpc.movebase-vpc"
          ]
        }
      ]
    },
    {
      "mode": "managed",
      "type": "aws_security_group",
      "name": "allow-ping",
      "provider": "provider[\"registry.terraform.io/hashicorp/aws\"]",
      "instances": [
        {
          "schema_version": 1,
          "attributes": {
            "arn": "arn:aws:ec2:eu-central-1:219232999684:security-group/sg-09473faede343cb22",
            "description": "security group that allows ping to it",
            "egress": [],
            "id": "sg-09473faede343cb22",
            "ingress": [
              {
                "cidr_blocks": [
                  "0.0.0.0/0"
                ],
                "description": "",
                "from_port": 8,
                "ipv6_cidr_blocks": [],
                "prefix_list_ids": [],
                "protocol": "icmp",
                "security_groups": [],
                "self": false,
                "to_port": 0
              }
            ],
            "name": "allow-ping",
            "name_prefix": "",
            "owner_id": "219232999684",
            "revoke_rules_on_delete": false,
            "tags": {
              "Name": "allow-ping"
            },
            "tags_all": {
              "Name": "allow-ping"
            },
            "timeouts": null,
            "vpc_id": "vpc-08568369cfed02d6d"
          },
          "sensitive_attributes": [],
          "private": "eyJlMmJmYjczMC1lY2FhLTExZTYtOGY4OC0zNDM2M2JjN2M0YzAiOnsiY3JlYXRlIjo2MDAwMDAwMDAwMDAsImRlbGV0ZSI6OTAwMDAwMDAwMDAwfSwic2NoZW1hX3ZlcnNpb24iOiIxIn0=",
          "dependencies": [
            "aws_vpc.movebase-vpc"
          ]
        }
      ]
    },
    {
      "mode": "managed",
      "type": "aws_security_group",
      "name": "movebase-allow-80",
      "provider": "provider[\"registry.terraform.io/hashicorp/aws\"]",
      "instances": [
        {
          "schema_version": 1,
          "attributes": {
            "arn": "arn:aws:ec2:eu-central-1:219232999684:security-group/sg-08d4dd637e24873b3",
            "description": "security group that allows 80 for load balancer",
            "egress": [],
            "id": "sg-08d4dd637e24873b3",
            "ingress": [
              {
                "cidr_blocks": [
                  "0.0.0.0/0"
                ],
                "description": "",
                "from_port": 80,
                "ipv6_cidr_blocks": [],
                "prefix_list_ids": [],
                "protocol": "tcp",
                "security_groups": [],
                "self": false,
                "to_port": 80
              }
            ],
            "name": "movebase-allow-80",
            "name_prefix": "",
            "owner_id": "219232999684",
            "revoke_rules_on_delete": false,
            "tags": {
              "Name": "movebase-allow-80"
            },
            "tags_all": {
              "Name": "movebase-allow-80"
            },
            "timeouts": null,
            "vpc_id": "vpc-08568369cfed02d6d"
          },
          "sensitive_attributes": [],
          "private": "eyJlMmJmYjczMC1lY2FhLTExZTYtOGY4OC0zNDM2M2JjN2M0YzAiOnsiY3JlYXRlIjo2MDAwMDAwMDAwMDAsImRlbGV0ZSI6OTAwMDAwMDAwMDAwfSwic2NoZW1hX3ZlcnNpb24iOiIxIn0=",
          "dependencies": [
            "aws_vpc.movebase-vpc"
          ]
        }
      ]
    },
    {
      "mode": "managed",
      "type": "aws_security_group",
      "name": "movebase-allow-ssh-and-all-egress",
      "provider": "provider[\"registry.terraform.io/hashicorp/aws\"]",
      "instances": [
        {
          "schema_version": 1,
          "attributes": {
            "arn": "arn:aws:ec2:eu-central-1:219232999684:security-group/sg-066523ecf54bfdd33",
            "description": "security group that allows ssh and all egress traffic",
            "egress": [
              {
                "cidr_blocks": [
                  "0.0.0.0/0"
                ],
                "description": "",
                "from_port": 0,
                "ipv6_cidr_blocks": [],
                "prefix_list_ids": [],
                "protocol": "-1",
                "security_groups": [],
                "self": false,
                "to_port": 0
              }
            ],
            "id": "sg-066523ecf54bfdd33",
            "ingress": [
              {
                "cidr_blocks": [
                  "0.0.0.0/0"
                ],
                "description": "",
                "from_port": 22,
                "ipv6_cidr_blocks": [],
                "prefix_list_ids": [],
                "protocol": "tcp",
                "security_groups": [],
                "self": false,
                "to_port": 22
              }
            ],
            "name": "movebase-allow-ssh-and-all-egress",
            "name_prefix": "",
            "owner_id": "219232999684",
            "revoke_rules_on_delete": false,
            "tags": {
              "Name": "movebase-allow-ssh-and-all-egress"
            },
            "tags_all": {
              "Name": "movebase-allow-ssh-and-all-egress"
            },
            "timeouts": null,
            "vpc_id": "vpc-08568369cfed02d6d"
          },
          "sensitive_attributes": [],
          "private": "eyJlMmJmYjczMC1lY2FhLTExZTYtOGY4OC0zNDM2M2JjN2M0YzAiOnsiY3JlYXRlIjo2MDAwMDAwMDAwMDAsImRlbGV0ZSI6OTAwMDAwMDAwMDAwfSwic2NoZW1hX3ZlcnNpb24iOiIxIn0=",
          "dependencies": [
            "aws_vpc.movebase-vpc"
          ]
        }
      ]
    },
    {
      "mode": "managed",
      "type": "aws_sns_topic",
      "name": "movebase-sns-topic",
      "provider": "provider[\"registry.terraform.io/hashicorp/aws\"]",
      "instances": [
        {
          "schema_version": 0,
          "attributes": {
            "application_failure_feedback_role_arn": "",
            "application_success_feedback_role_arn": "",
            "application_success_feedback_sample_rate": 0,
            "arn": "arn:aws:sns:eu-central-1:219232999684:movebase-sns-topic",
            "content_based_deduplication": false,
            "delivery_policy": "",
            "display_name": "",
            "fifo_topic": false,
            "firehose_failure_feedback_role_arn": "",
            "firehose_success_feedback_role_arn": "",
            "firehose_success_feedback_sample_rate": 0,
            "http_failure_feedback_role_arn": "",
            "http_success_feedback_role_arn": "",
            "http_success_feedback_sample_rate": 0,
            "id": "arn:aws:sns:eu-central-1:219232999684:movebase-sns-topic",
            "kms_master_key_id": "",
            "lambda_failure_feedback_role_arn": "",
            "lambda_success_feedback_role_arn": "",
            "lambda_success_feedback_sample_rate": 0,
            "name": "movebase-sns-topic",
            "name_prefix": "",
            "owner": "219232999684",
            "policy": "{\"Version\":\"2008-10-17\",\"Id\":\"__default_policy_ID\",\"Statement\":[{\"Sid\":\"__default_statement_ID\",\"Effect\":\"Allow\",\"Principal\":{\"AWS\":\"*\"},\"Action\":[\"SNS:GetTopicAttributes\",\"SNS:SetTopicAttributes\",\"SNS:AddPermission\",\"SNS:RemovePermission\",\"SNS:DeleteTopic\",\"SNS:Subscribe\",\"SNS:ListSubscriptionsByTopic\",\"SNS:Publish\"],\"Resource\":\"arn:aws:sns:eu-central-1:219232999684:movebase-sns-topic\",\"Condition\":{\"StringEquals\":{\"AWS:SourceOwner\":\"219232999684\"}}}]}",
            "sqs_failure_feedback_role_arn": "",
            "sqs_success_feedback_role_arn": "",
            "sqs_success_feedback_sample_rate": 0,
            "tags": null,
            "tags_all": {}
          },
          "sensitive_attributes": [],
          "private": "bnVsbA=="
        }
      ]
    },
    {
      "mode": "managed",
      "type": "aws_sns_topic_subscription",
      "name": "user_updates_sqs_target",
      "provider": "provider[\"registry.terraform.io/hashicorp/aws\"]",
      "instances": [
        {
          "schema_version": 0,
          "attributes": {
            "arn": "arn:aws:sns:eu-central-1:219232999684:movebase-sns-topic:d37e1007-18b2-4542-9204-8ab1e3275c69",
            "confirmation_timeout_in_minutes": 1,
            "confirmation_was_authenticated": false,
            "delivery_policy": "",
            "endpoint": "duleorlovic@gmail.com",
            "endpoint_auto_confirms": false,
            "filter_policy": "",
            "id": "arn:aws:sns:eu-central-1:219232999684:movebase-sns-topic:d37e1007-18b2-4542-9204-8ab1e3275c69",
            "owner_id": "219232999684",
            "pending_confirmation": true,
            "protocol": "email",
            "raw_message_delivery": false,
            "redrive_policy": "",
            "subscription_role_arn": "",
            "topic_arn": "arn:aws:sns:eu-central-1:219232999684:movebase-sns-topic"
          },
          "sensitive_attributes": [],
          "private": "bnVsbA==",
          "dependencies": [
            "aws_sns_topic.movebase-sns-topic"
          ]
        }
      ]
    },
    {
      "mode": "managed",
      "type": "aws_subnet",
      "name": "movebase-subnet-public-1",
      "provider": "provider[\"registry.terraform.io/hashicorp/aws\"]",
      "instances": [
        {
          "schema_version": 1,
          "attributes": {
            "arn": "arn:aws:ec2:eu-central-1:219232999684:subnet/subnet-03ee806355ab86341",
            "assign_ipv6_address_on_creation": false,
            "availability_zone": "eu-central-1a",
            "availability_zone_id": "euc1-az2",
            "cidr_block": "10.0.1.0/24",
            "customer_owned_ipv4_pool": "",
            "enable_dns64": false,
            "enable_resource_name_dns_a_record_on_launch": false,
            "enable_resource_name_dns_aaaa_record_on_launch": false,
            "id": "subnet-03ee806355ab86341",
            "ipv6_cidr_block": "",
            "ipv6_cidr_block_association_id": "",
            "ipv6_native": false,
            "map_customer_owned_ip_on_launch": false,
            "map_public_ip_on_launch": true,
            "outpost_arn": "",
            "owner_id": "219232999684",
            "private_dns_hostname_type_on_launch": "ip-name",
            "tags": {
              "Name": "movebase-subnet-public-1"
            },
            "tags_all": {
              "Name": "movebase-subnet-public-1"
            },
            "timeouts": null,
            "vpc_id": "vpc-08568369cfed02d6d"
          },
          "sensitive_attributes": [],
          "private": "eyJlMmJmYjczMC1lY2FhLTExZTYtOGY4OC0zNDM2M2JjN2M0YzAiOnsiY3JlYXRlIjo2MDAwMDAwMDAwMDAsImRlbGV0ZSI6MTIwMDAwMDAwMDAwMH0sInNjaGVtYV92ZXJzaW9uIjoiMSJ9",
          "dependencies": [
            "aws_vpc.movebase-vpc"
          ]
        }
      ]
    },
    {
      "mode": "managed",
      "type": "aws_subnet",
      "name": "movebase-subnet-public-2",
      "provider": "provider[\"registry.terraform.io/hashicorp/aws\"]",
      "instances": [
        {
          "schema_version": 1,
          "attributes": {
            "arn": "arn:aws:ec2:eu-central-1:219232999684:subnet/subnet-009b7612ee608abaf",
            "assign_ipv6_address_on_creation": false,
            "availability_zone": "eu-central-1b",
            "availability_zone_id": "euc1-az3",
            "cidr_block": "10.0.2.0/24",
            "customer_owned_ipv4_pool": "",
            "enable_dns64": false,
            "enable_resource_name_dns_a_record_on_launch": false,
            "enable_resource_name_dns_aaaa_record_on_launch": false,
            "id": "subnet-009b7612ee608abaf",
            "ipv6_cidr_block": "",
            "ipv6_cidr_block_association_id": "",
            "ipv6_native": false,
            "map_customer_owned_ip_on_launch": false,
            "map_public_ip_on_launch": true,
            "outpost_arn": "",
            "owner_id": "219232999684",
            "private_dns_hostname_type_on_launch": "ip-name",
            "tags": {
              "Name": "movebase-subnet-public-2"
            },
            "tags_all": {
              "Name": "movebase-subnet-public-2"
            },
            "timeouts": null,
            "vpc_id": "vpc-08568369cfed02d6d"
          },
          "sensitive_attributes": [],
          "private": "eyJlMmJmYjczMC1lY2FhLTExZTYtOGY4OC0zNDM2M2JjN2M0YzAiOnsiY3JlYXRlIjo2MDAwMDAwMDAwMDAsImRlbGV0ZSI6MTIwMDAwMDAwMDAwMH0sInNjaGVtYV92ZXJzaW9uIjoiMSJ9",
          "dependencies": [
            "aws_vpc.movebase-vpc"
          ]
        }
      ]
    },
    {
      "mode": "managed",
      "type": "aws_vpc",
      "name": "movebase-vpc",
      "provider": "provider[\"registry.terraform.io/hashicorp/aws\"]",
      "instances": [
        {
          "schema_version": 1,
          "attributes": {
            "arn": "arn:aws:ec2:eu-central-1:219232999684:vpc/vpc-08568369cfed02d6d",
            "assign_generated_ipv6_cidr_block": false,
            "cidr_block": "10.0.0.0/16",
            "default_network_acl_id": "acl-07fd12caacfd44bc8",
            "default_route_table_id": "rtb-0e664ee2abcba72ac",
            "default_security_group_id": "sg-02f98ee545cc3d446",
            "dhcp_options_id": "dopt-3d857154",
            "enable_classiclink": null,
            "enable_classiclink_dns_support": null,
            "enable_dns_hostnames": true,
            "enable_dns_support": true,
            "id": "vpc-08568369cfed02d6d",
            "instance_tenancy": "default",
            "ipv4_ipam_pool_id": null,
            "ipv4_netmask_length": null,
            "ipv6_association_id": "",
            "ipv6_cidr_block": "",
            "ipv6_cidr_block_network_border_group": null,
            "ipv6_ipam_pool_id": null,
            "ipv6_netmask_length": null,
            "main_route_table_id": "rtb-0e664ee2abcba72ac",
            "owner_id": "219232999684",
            "tags": {
              "Name": "movebase-vpc"
            },
            "tags_all": {
              "Name": "movebase-vpc"
            }
          },
          "sensitive_attributes": [],
          "private": "eyJzY2hlbWFfdmVyc2lvbiI6IjEifQ=="
        }
      ]
    }
  ]
}
